// !$*UTF8*$!
{
	archiveVersion = 1;
	classes = {
	};
	objectVersion = 77;
	objects = {

/* Begin PBXContainerItemProxy section */
		BB9EA1BA2D6EB7E400D2E201 /* PBXContainerItemProxy */ = {
			isa = PBXContainerItemProxy;
			containerPortal = BB9EA1A12D6EB7DF00D2E201 /* Project object */;
			proxyType = 1;
			remoteGlobalIDString = BB9EA1A82D6EB7DF00D2E201;
			remoteInfo = "Himnario Adventista SwiftUI";
		};
		BB9EA1C42D6EB7E400D2E201 /* PBXContainerItemProxy */ = {
			isa = PBXContainerItemProxy;
			containerPortal = BB9EA1A12D6EB7DF00D2E201 /* Project object */;
			proxyType = 1;
			remoteGlobalIDString = BB9EA1A82D6EB7DF00D2E201;
			remoteInfo = "Himnario Adventista SwiftUI";
		};
/* End PBXContainerItemProxy section */

/* Begin PBXFileReference section */
		BB9EA1A92D6EB7DF00D2E201 /* Himnario Adventista.app */ = {isa = PBXFileReference; explicitFileType = wrapper.application; includeInIndex = 0; path = "Himnario Adventista.app"; sourceTree = BUILT_PRODUCTS_DIR; };
		BB9EA1B92D6EB7E400D2E201 /* Himnario Adventista SwiftUITests.xctest */ = {isa = PBXFileReference; explicitFileType = wrapper.cfbundle; includeInIndex = 0; path = "Himnario Adventista SwiftUITests.xctest"; sourceTree = BUILT_PRODUCTS_DIR; };
		BB9EA1C32D6EB7E400D2E201 /* Himnario Adventista SwiftUIUITests.xctest */ = {isa = PBXFileReference; explicitFileType = wrapper.cfbundle; includeInIndex = 0; path = "Himnario Adventista SwiftUIUITests.xctest"; sourceTree = BUILT_PRODUCTS_DIR; };
/* End PBXFileReference section */

/* Begin PBXFileSystemSynchronizedRootGroup section */
		BB9EA1AB2D6EB7DF00D2E201 /* Himnario Adventista SwiftUI */ = {
			isa = PBXFileSystemSynchronizedRootGroup;
			path = "Himnario Adventista SwiftUI";
			sourceTree = "<group>";
		};
		BB9EA1BC2D6EB7E400D2E201 /* Himnario Adventista SwiftUITests */ = {
			isa = PBXFileSystemSynchronizedRootGroup;
			path = "Himnario Adventista SwiftUITests";
			sourceTree = "<group>";
		};
		BB9EA1C62D6EB7E400D2E201 /* Himnario Adventista SwiftUIUITests */ = {
			isa = PBXFileSystemSynchronizedRootGroup;
			path = "Himnario Adventista SwiftUIUITests";
			sourceTree = "<group>";
		};
/* End PBXFileSystemSynchronizedRootGroup section */

/* Begin PBXFrameworksBuildPhase section */
		BB9EA1A62D6EB7DF00D2E201 /* Frameworks */ = {
			isa = PBXFrameworksBuildPhase;
			buildActionMask = 2147483647;
			files = (
			);
			runOnlyForDeploymentPostprocessing = 0;
		};
		BB9EA1B62D6EB7E400D2E201 /* Frameworks */ = {
			isa = PBXFrameworksBuildPhase;
			buildActionMask = 2147483647;
			files = (
			);
			runOnlyForDeploymentPostprocessing = 0;
		};
		BB9EA1C02D6EB7E400D2E201 /* Frameworks */ = {
			isa = PBXFrameworksBuildPhase;
			buildActionMask = 2147483647;
			files = (
			);
			runOnlyForDeploymentPostprocessing = 0;
		};
/* End PBXFrameworksBuildPhase section */

/* Begin PBXGroup section */
		BB9EA1A02D6EB7DF00D2E201 = {
			isa = PBXGroup;
			children = (
				BB9EA1AB2D6EB7DF00D2E201 /* Himnario Adventista SwiftUI */,
				BB9EA1BC2D6EB7E400D2E201 /* Himnario Adventista SwiftUITests */,
				BB9EA1C62D6EB7E400D2E201 /* Himnario Adventista SwiftUIUITests */,
				BB9EA1AA2D6EB7DF00D2E201 /* Products */,
			);
			sourceTree = "<group>";
		};
		BB9EA1AA2D6EB7DF00D2E201 /* Products */ = {
			isa = PBXGroup;
			children = (
				BB9EA1A92D6EB7DF00D2E201 /* Himnario Adventista.app */,
				BB9EA1B92D6EB7E400D2E201 /* Himnario Adventista SwiftUITests.xctest */,
				BB9EA1C32D6EB7E400D2E201 /* Himnario Adventista SwiftUIUITests.xctest */,
			);
			name = Products;
			sourceTree = "<group>";
		};
/* End PBXGroup section */

/* Begin PBXNativeTarget section */
		BB9EA1A82D6EB7DF00D2E201 /* Himnario Adventista */ = {
			isa = PBXNativeTarget;
			buildConfigurationList = BB9EA1CD2D6EB7E400D2E201 /* Build configuration list for PBXNativeTarget "Himnario Adventista" */;
			buildPhases = (
				BB9EA1A52D6EB7DF00D2E201 /* Sources */,
				BB9EA1A62D6EB7DF00D2E201 /* Frameworks */,
				BB9EA1A72D6EB7DF00D2E201 /* Resources */,
			);
			buildRules = (
			);
			dependencies = (
			);
			fileSystemSynchronizedGroups = (
				BB9EA1AB2D6EB7DF00D2E201 /* Himnario Adventista SwiftUI */,
			);
			name = "Himnario Adventista";
			packageProductDependencies = (
			);
			productName = "Himnario Adventista SwiftUI";
			productReference = BB9EA1A92D6EB7DF00D2E201 /* Himnario Adventista.app */;
			productType = "com.apple.product-type.application";
		};
		BB9EA1B82D6EB7E400D2E201 /* Himnario Adventista SwiftUITests */ = {
			isa = PBXNativeTarget;
			buildConfigurationList = BB9EA1D02D6EB7E400D2E201 /* Build configuration list for PBXNativeTarget "Himnario Adventista SwiftUITests" */;
			buildPhases = (
				BB9EA1B52D6EB7E400D2E201 /* Sources */,
				BB9EA1B62D6EB7E400D2E201 /* Frameworks */,
				BB9EA1B72D6EB7E400D2E201 /* Resources */,
			);
			buildRules = (
			);
			dependencies = (
				BB9EA1BB2D6EB7E400D2E201 /* PBXTargetDependency */,
			);
			fileSystemSynchronizedGroups = (
				BB9EA1BC2D6EB7E400D2E201 /* Himnario Adventista SwiftUITests */,
			);
			name = "Himnario Adventista SwiftUITests";
			packageProductDependencies = (
			);
			productName = "Himnario Adventista SwiftUITests";
			productReference = BB9EA1B92D6EB7E400D2E201 /* Himnario Adventista SwiftUITests.xctest */;
			productType = "com.apple.product-type.bundle.unit-test";
		};
		BB9EA1C22D6EB7E400D2E201 /* Himnario Adventista SwiftUIUITests */ = {
			isa = PBXNativeTarget;
			buildConfigurationList = BB9EA1D32D6EB7E400D2E201 /* Build configuration list for PBXNativeTarget "Himnario Adventista SwiftUIUITests" */;
			buildPhases = (
				BB9EA1BF2D6EB7E400D2E201 /* Sources */,
				BB9EA1C02D6EB7E400D2E201 /* Frameworks */,
				BB9EA1C12D6EB7E400D2E201 /* Resources */,
			);
			buildRules = (
			);
			dependencies = (
				BB9EA1C52D6EB7E400D2E201 /* PBXTargetDependency */,
			);
			fileSystemSynchronizedGroups = (
				BB9EA1C62D6EB7E400D2E201 /* Himnario Adventista SwiftUIUITests */,
			);
			name = "Himnario Adventista SwiftUIUITests";
			packageProductDependencies = (
			);
			productName = "Himnario Adventista SwiftUIUITests";
			productReference = BB9EA1C32D6EB7E400D2E201 /* Himnario Adventista SwiftUIUITests.xctest */;
			productType = "com.apple.product-type.bundle.ui-testing";
		};
/* End PBXNativeTarget section */

/* Begin PBXProject section */
		BB9EA1A12D6EB7DF00D2E201 /* Project object */ = {
			isa = PBXProject;
			attributes = {
				BuildIndependentTargetsInParallel = 1;
				LastSwiftUpdateCheck = 1610;
				LastUpgradeCheck = 1610;
				TargetAttributes = {
					BB9EA1A82D6EB7DF00D2E201 = {
						CreatedOnToolsVersion = 16.1;
					};
					BB9EA1B82D6EB7E400D2E201 = {
						CreatedOnToolsVersion = 16.1;
						TestTargetID = BB9EA1A82D6EB7DF00D2E201;
					};
					BB9EA1C22D6EB7E400D2E201 = {
						CreatedOnToolsVersion = 16.1;
						TestTargetID = BB9EA1A82D6EB7DF00D2E201;
					};
				};
			};
			buildConfigurationList = BB9EA1A42D6EB7DF00D2E201 /* Build configuration list for PBXProject "Himnario Adventista" */;
			developmentRegion = en;
			hasScannedForEncodings = 0;
			knownRegions = (
				en,
				Base,
			);
			mainGroup = BB9EA1A02D6EB7DF00D2E201;
			minimizedProjectReferenceProxies = 1;
			preferredProjectObjectVersion = 77;
			productRefGroup = BB9EA1AA2D6EB7DF00D2E201 /* Products */;
			projectDirPath = "";
			projectRoot = "";
			targets = (
				BB9EA1A82D6EB7DF00D2E201 /* Himnario Adventista */,
				BB9EA1B82D6EB7E400D2E201 /* Himnario Adventista SwiftUITests */,
				BB9EA1C22D6EB7E400D2E201 /* Himnario Adventista SwiftUIUITests */,
			);
		};
/* End PBXProject section */

/* Begin PBXResourcesBuildPhase section */
		BB9EA1A72D6EB7DF00D2E201 /* Resources */ = {
			isa = PBXResourcesBuildPhase;
			buildActionMask = 2147483647;
			files = (
			);
			runOnlyForDeploymentPostprocessing = 0;
		};
		BB9EA1B72D6EB7E400D2E201 /* Resources */ = {
			isa = PBXResourcesBuildPhase;
			buildActionMask = 2147483647;
			files = (
			);
			runOnlyForDeploymentPostprocessing = 0;
		};
		BB9EA1C12D6EB7E400D2E201 /* Resources */ = {
			isa = PBXResourcesBuildPhase;
			buildActionMask = 2147483647;
			files = (
			);
			runOnlyForDeploymentPostprocessing = 0;
		};
/* End PBXResourcesBuildPhase section */

/* Begin PBXSourcesBuildPhase section */
		BB9EA1A52D6EB7DF00D2E201 /* Sources */ = {
			isa = PBXSourcesBuildPhase;
			buildActionMask = 2147483647;
			files = (
			);
			runOnlyForDeploymentPostprocessing = 0;
		};
		BB9EA1B52D6EB7E400D2E201 /* Sources */ = {
			isa = PBXSourcesBuildPhase;
			buildActionMask = 2147483647;
			files = (
			);
			runOnlyForDeploymentPostprocessing = 0;
		};
		BB9EA1BF2D6EB7E400D2E201 /* Sources */ = {
			isa = PBXSourcesBuildPhase;
			buildActionMask = 2147483647;
			files = (
			);
			runOnlyForDeploymentPostprocessing = 0;
		};
/* End PBXSourcesBuildPhase section */

/* Begin PBXTargetDependency section */
		BB9EA1BB2D6EB7E400D2E201 /* PBXTargetDependency */ = {
			isa = PBXTargetDependency;
			target = BB9EA1A82D6EB7DF00D2E201 /* Himnario Adventista */;
			targetProxy = BB9EA1BA2D6EB7E400D2E201 /* PBXContainerItemProxy */;
		};
		BB9EA1C52D6EB7E400D2E201 /* PBXTargetDependency */ = {
			isa = PBXTargetDependency;
			target = BB9EA1A82D6EB7DF00D2E201 /* Himnario Adventista */;
			targetProxy = BB9EA1C42D6EB7E400D2E201 /* PBXContainerItemProxy */;
		};
/* End PBXTargetDependency section */

/* Begin XCBuildConfiguration section */
		BB9EA1CB2D6EB7E400D2E201 /* Debug */ = {
			isa = XCBuildConfiguration;
			buildSettings = {
				ALWAYS_SEARCH_USER_PATHS = NO;
				ASSETCATALOG_COMPILER_GENERATE_SWIFT_ASSET_SYMBOL_EXTENSIONS = YES;
				CLANG_ANALYZER_NONNULL = YES;
				CLANG_ANALYZER_NUMBER_OBJECT_CONVERSION = YES_AGGRESSIVE;
				CLANG_CXX_LANGUAGE_STANDARD = "gnu++20";
				CLANG_ENABLE_MODULES = YES;
				CLANG_ENABLE_OBJC_ARC = YES;
				CLANG_ENABLE_OBJC_WEAK = YES;
				CLANG_WARN_BLOCK_CAPTURE_AUTORELEASING = YES;
				CLANG_WARN_BOOL_CONVERSION = YES;
				CLANG_WARN_COMMA = YES;
				CLANG_WARN_CONSTANT_CONVERSION = YES;
				CLANG_WARN_DEPRECATED_OBJC_IMPLEMENTATIONS = YES;
				CLANG_WARN_DIRECT_OBJC_ISA_USAGE = YES_ERROR;
				CLANG_WARN_DOCUMENTATION_COMMENTS = YES;
				CLANG_WARN_EMPTY_BODY = YES;
				CLANG_WARN_ENUM_CONVERSION = YES;
				CLANG_WARN_INFINITE_RECURSION = YES;
				CLANG_WARN_INT_CONVERSION = YES;
				CLANG_WARN_NON_LITERAL_NULL_CONVERSION = YES;
				CLANG_WARN_OBJC_IMPLICIT_RETAIN_SELF = YES;
				CLANG_WARN_OBJC_LITERAL_CONVERSION = YES;
				CLANG_WARN_OBJC_ROOT_CLASS = YES_ERROR;
				CLANG_WARN_QUOTED_INCLUDE_IN_FRAMEWORK_HEADER = YES;
				CLANG_WARN_RANGE_LOOP_ANALYSIS = YES;
				CLANG_WARN_STRICT_PROTOTYPES = YES;
				CLANG_WARN_SUSPICIOUS_MOVE = YES;
				CLANG_WARN_UNGUARDED_AVAILABILITY = YES_AGGRESSIVE;
				CLANG_WARN_UNREACHABLE_CODE = YES;
				CLANG_WARN__DUPLICATE_METHOD_MATCH = YES;
				COPY_PHASE_STRIP = NO;
				DEBUG_INFORMATION_FORMAT = dwarf;
				ENABLE_STRICT_OBJC_MSGSEND = YES;
				ENABLE_TESTABILITY = YES;
				ENABLE_USER_SCRIPT_SANDBOXING = YES;
				GCC_C_LANGUAGE_STANDARD = gnu17;
				GCC_DYNAMIC_NO_PIC = NO;
				GCC_NO_COMMON_BLOCKS = YES;
				GCC_OPTIMIZATION_LEVEL = 0;
				GCC_PREPROCESSOR_DEFINITIONS = (
					"DEBUG=1",
					"$(inherited)",
				);
				GCC_WARN_64_TO_32_BIT_CONVERSION = YES;
				GCC_WARN_ABOUT_RETURN_TYPE = YES_ERROR;
				GCC_WARN_UNDECLARED_SELECTOR = YES;
				GCC_WARN_UNINITIALIZED_AUTOS = YES_AGGRESSIVE;
				GCC_WARN_UNUSED_FUNCTION = YES;
				GCC_WARN_UNUSED_VARIABLE = YES;
				IPHONEOS_DEPLOYMENT_TARGET = 18.1;
				LOCALIZATION_PREFERS_STRING_CATALOGS = YES;
				MTL_ENABLE_DEBUG_INFO = INCLUDE_SOURCE;
				MTL_FAST_MATH = YES;
				ONLY_ACTIVE_ARCH = YES;
				SDKROOT = iphoneos;
				SWIFT_ACTIVE_COMPILATION_CONDITIONS = "DEBUG $(inherited)";
				SWIFT_OPTIMIZATION_LEVEL = "-Onone";
			};
			name = Debug;
		};
		BB9EA1CC2D6EB7E400D2E201 /* Release */ = {
			isa = XCBuildConfiguration;
			buildSettings = {
				ALWAYS_SEARCH_USER_PATHS = NO;
				ASSETCATALOG_COMPILER_GENERATE_SWIFT_ASSET_SYMBOL_EXTENSIONS = YES;
				CLANG_ANALYZER_NONNULL = YES;
				CLANG_ANALYZER_NUMBER_OBJECT_CONVERSION = YES_AGGRESSIVE;
				CLANG_CXX_LANGUAGE_STANDARD = "gnu++20";
				CLANG_ENABLE_MODULES = YES;
				CLANG_ENABLE_OBJC_ARC = YES;
				CLANG_ENABLE_OBJC_WEAK = YES;
				CLANG_WARN_BLOCK_CAPTURE_AUTORELEASING = YES;
				CLANG_WARN_BOOL_CONVERSION = YES;
				CLANG_WARN_COMMA = YES;
				CLANG_WARN_CONSTANT_CONVERSION = YES;
				CLANG_WARN_DEPRECATED_OBJC_IMPLEMENTATIONS = YES;
				CLANG_WARN_DIRECT_OBJC_ISA_USAGE = YES_ERROR;
				CLANG_WARN_DOCUMENTATION_COMMENTS = YES;
				CLANG_WARN_EMPTY_BODY = YES;
				CLANG_WARN_ENUM_CONVERSION = YES;
				CLANG_WARN_INFINITE_RECURSION = YES;
				CLANG_WARN_INT_CONVERSION = YES;
				CLANG_WARN_NON_LITERAL_NULL_CONVERSION = YES;
				CLANG_WARN_OBJC_IMPLICIT_RETAIN_SELF = YES;
				CLANG_WARN_OBJC_LITERAL_CONVERSION = YES;
				CLANG_WARN_OBJC_ROOT_CLASS = YES_ERROR;
				CLANG_WARN_QUOTED_INCLUDE_IN_FRAMEWORK_HEADER = YES;
				CLANG_WARN_RANGE_LOOP_ANALYSIS = YES;
				CLANG_WARN_STRICT_PROTOTYPES = YES;
				CLANG_WARN_SUSPICIOUS_MOVE = YES;
				CLANG_WARN_UNGUARDED_AVAILABILITY = YES_AGGRESSIVE;
				CLANG_WARN_UNREACHABLE_CODE = YES;
				CLANG_WARN__DUPLICATE_METHOD_MATCH = YES;
				COPY_PHASE_STRIP = NO;
				DEBUG_INFORMATION_FORMAT = "dwarf-with-dsym";
				ENABLE_NS_ASSERTIONS = NO;
				ENABLE_STRICT_OBJC_MSGSEND = YES;
				ENABLE_USER_SCRIPT_SANDBOXING = YES;
				GCC_C_LANGUAGE_STANDARD = gnu17;
				GCC_NO_COMMON_BLOCKS = YES;
				GCC_WARN_64_TO_32_BIT_CONVERSION = YES;
				GCC_WARN_ABOUT_RETURN_TYPE = YES_ERROR;
				GCC_WARN_UNDECLARED_SELECTOR = YES;
				GCC_WARN_UNINITIALIZED_AUTOS = YES_AGGRESSIVE;
				GCC_WARN_UNUSED_FUNCTION = YES;
				GCC_WARN_UNUSED_VARIABLE = YES;
				IPHONEOS_DEPLOYMENT_TARGET = 18.1;
				LOCALIZATION_PREFERS_STRING_CATALOGS = YES;
				MTL_ENABLE_DEBUG_INFO = NO;
				MTL_FAST_MATH = YES;
				SDKROOT = iphoneos;
				SWIFT_COMPILATION_MODE = wholemodule;
				VALIDATE_PRODUCT = YES;
			};
			name = Release;
		};
		BB9EA1CE2D6EB7E400D2E201 /* Debug */ = {
			isa = XCBuildConfiguration;
			buildSettings = {
				ASSETCATALOG_COMPILER_APPICON_NAME = AppIcon;
				ASSETCATALOG_COMPILER_GLOBAL_ACCENT_COLOR_NAME = AccentColor;
				ASSETCATALOG_COMPILER_INCLUDE_ALL_APPICON_ASSETS = NO;
				CODE_SIGN_IDENTITY = "Apple Development";
				CODE_SIGN_STYLE = Automatic;
				CURRENT_PROJECT_VERSION = 1;
				DEVELOPMENT_ASSET_PATHS = "\"Himnario Adventista SwiftUI/Preview Content\"";
				DEVELOPMENT_TEAM = 57R4ZFVKDM;
				ENABLE_PREVIEWS = YES;
				GENERATE_INFOPLIST_FILE = YES;
				INFOPLIST_FILE = "Himnario-Adventista-SwiftUI-Info.plist";
				INFOPLIST_KEY_CFBundleDisplayName = "";
				INFOPLIST_KEY_LSApplicationCategoryType = "public.app-category.music";
				INFOPLIST_KEY_UIApplicationSceneManifest_Generation = YES;
				INFOPLIST_KEY_UIApplicationSupportsIndirectInputEvents = YES;
				INFOPLIST_KEY_UILaunchStoryboardName = SplashScreen.storyboard;
				INFOPLIST_KEY_UISupportedInterfaceOrientations = UIInterfaceOrientationPortrait;
				INFOPLIST_KEY_UISupportedInterfaceOrientations_iPad = "UIInterfaceOrientationLandscapeLeft UIInterfaceOrientationLandscapeRight UIInterfaceOrientationPortrait UIInterfaceOrientationPortraitUpsideDown";
				LD_RUNPATH_SEARCH_PATHS = (
					"$(inherited)",
					"@executable_path/Frameworks",
				);
				MARKETING_VERSION = 2.1;
				PRODUCT_BUNDLE_IDENTIFIER = com.JosePimentel.HimnarioViejoYNuevo;
				PRODUCT_NAME = "$(TARGET_NAME)";
				PROVISIONING_PROFILE_SPECIFIER = "";
				SWIFT_EMIT_LOC_STRINGS = YES;
				SWIFT_VERSION = 5.0;
				TARGETED_DEVICE_FAMILY = "1,2";
			};
			name = Debug;
		};
		BB9EA1CF2D6EB7E400D2E201 /* Release */ = {
			isa = XCBuildConfiguration;
			buildSettings = {
				ASSETCATALOG_COMPILER_APPICON_NAME = AppIcon;
				ASSETCATALOG_COMPILER_GLOBAL_ACCENT_COLOR_NAME = AccentColor;
				ASSETCATALOG_COMPILER_INCLUDE_ALL_APPICON_ASSETS = NO;
				CODE_SIGN_IDENTITY = "Apple Development";
				CODE_SIGN_STYLE = Automatic;
				CURRENT_PROJECT_VERSION = 1;
				DEVELOPMENT_ASSET_PATHS = "\"Himnario Adventista SwiftUI/Preview Content\"";
				DEVELOPMENT_TEAM = 57R4ZFVKDM;
				ENABLE_PREVIEWS = YES;
				GENERATE_INFOPLIST_FILE = YES;
				INFOPLIST_FILE = "Himnario-Adventista-SwiftUI-Info.plist";
				INFOPLIST_KEY_CFBundleDisplayName = "";
				INFOPLIST_KEY_LSApplicationCategoryType = "public.app-category.music";
				INFOPLIST_KEY_UIApplicationSceneManifest_Generation = YES;
				INFOPLIST_KEY_UIApplicationSupportsIndirectInputEvents = YES;
				INFOPLIST_KEY_UILaunchStoryboardName = SplashScreen.storyboard;
				INFOPLIST_KEY_UISupportedInterfaceOrientations = UIInterfaceOrientationPortrait;
				INFOPLIST_KEY_UISupportedInterfaceOrientations_iPad = "UIInterfaceOrientationLandscapeLeft UIInterfaceOrientationLandscapeRight UIInterfaceOrientationPortrait UIInterfaceOrientationPortraitUpsideDown";
				LD_RUNPATH_SEARCH_PATHS = (
					"$(inherited)",
					"@executable_path/Frameworks",
				);
				MARKETING_VERSION = 2.1;
				PRODUCT_BUNDLE_IDENTIFIER = com.JosePimentel.HimnarioViejoYNuevo;
				PRODUCT_NAME = "$(TARGET_NAME)";
				PROVISIONING_PROFILE_SPECIFIER = "";
				SWIFT_EMIT_LOC_STRINGS = YES;
				SWIFT_VERSION = 5.0;
				TARGETED_DEVICE_FAMILY = "1,2";
			};
			name = Release;
		};
		BB9EA1D12D6EB7E400D2E201 /* Debug */ = {
			isa = XCBuildConfiguration;
			buildSettings = {
				BUNDLE_LOADER = "$(TEST_HOST)";
				CODE_SIGN_STYLE = Automatic;
				CURRENT_PROJECT_VERSION = 1;
				DEVELOPMENT_TEAM = 57R4ZFVKDM;
				GENERATE_INFOPLIST_FILE = YES;
				IPHONEOS_DEPLOYMENT_TARGET = 18.1;
				MARKETING_VERSION = 1.0;
				PRODUCT_BUNDLE_IDENTIFIER = "com.jose.pimentel.Himnario-Adventista-SwiftUITests";
				PRODUCT_NAME = "$(TARGET_NAME)";
				SWIFT_EMIT_LOC_STRINGS = NO;
				SWIFT_VERSION = 5.0;
				TARGETED_DEVICE_FAMILY = "1,2";
				TEST_HOST = "$(BUILT_PRODUCTS_DIR)/Himnario Adventista SwiftUI.app/$(BUNDLE_EXECUTABLE_FOLDER_PATH)/Himnario Adventista SwiftUI";
			};
			name = Debug;
		};
		BB9EA1D22D6EB7E400D2E201 /* Release */ = {
			isa = XCBuildConfiguration;
			buildSettings = {
				BUNDLE_LOADER = "$(TEST_HOST)";
				CODE_SIGN_STYLE = Automatic;
				CURRENT_PROJECT_VERSION = 1;
				DEVELOPMENT_TEAM = 57R4ZFVKDM;
				GENERATE_INFOPLIST_FILE = YES;
				IPHONEOS_DEPLOYMENT_TARGET = 18.1;
				MARKETING_VERSION = 1.0;
				PRODUCT_BUNDLE_IDENTIFIER = "com.jose.pimentel.Himnario-Adventista-SwiftUITests";
				PRODUCT_NAME = "$(TARGET_NAME)";
				SWIFT_EMIT_LOC_STRINGS = NO;
				SWIFT_VERSION = 5.0;
				TARGETED_DEVICE_FAMILY = "1,2";
				TEST_HOST = "$(BUILT_PRODUCTS_DIR)/Himnario Adventista SwiftUI.app/$(BUNDLE_EXECUTABLE_FOLDER_PATH)/Himnario Adventista SwiftUI";
			};
			name = Release;
		};
		BB9EA1D42D6EB7E400D2E201 /* Debug */ = {
			isa = XCBuildConfiguration;
			buildSettings = {
				CODE_SIGN_STYLE = Automatic;
				CURRENT_PROJECT_VERSION = 1;
				DEVELOPMENT_TEAM = 57R4ZFVKDM;
				GENERATE_INFOPLIST_FILE = YES;
				MARKETING_VERSION = 1.0;
				PRODUCT_BUNDLE_IDENTIFIER = "com.jose.pimentel.Himnario-Adventista-SwiftUIUITests";
				PRODUCT_NAME = "$(TARGET_NAME)";
				SWIFT_EMIT_LOC_STRINGS = NO;
				SWIFT_VERSION = 5.0;
				TARGETED_DEVICE_FAMILY = "1,2";
				TEST_TARGET_NAME = "Himnario Adventista SwiftUI";
			};
			name = Debug;
		};
		BB9EA1D52D6EB7E400D2E201 /* Release */ = {
			isa = XCBuildConfiguration;
			buildSettings = {
				CODE_SIGN_STYLE = Automatic;
				CURRENT_PROJECT_VERSION = 1;
				DEVELOPMENT_TEAM = 57R4ZFVKDM;
				GENERATE_INFOPLIST_FILE = YES;
				MARKETING_VERSION = 1.0;
				PRODUCT_BUNDLE_IDENTIFIER = "com.jose.pimentel.Himnario-Adventista-SwiftUIUITests";
				PRODUCT_NAME = "$(TARGET_NAME)";
				SWIFT_EMIT_LOC_STRINGS = NO;
				SWIFT_VERSION = 5.0;
				TARGETED_DEVICE_FAMILY = "1,2";
				TEST_TARGET_NAME = "Himnario Adventista SwiftUI";
			};
			name = Release;
		};
/* End XCBuildConfiguration section */

/* Begin XCConfigurationList section */
		BB9EA1A42D6EB7DF00D2E201 /* Build configuration list for PBXProject "Himnario Adventista" */ = {
			isa = XCConfigurationList;
			buildConfigurations = (
				BB9EA1CB2D6EB7E400D2E201 /* Debug */,
				BB9EA1CC2D6EB7E400D2E201 /* Release */,
			);
			defaultConfigurationIsVisible = 0;
			defaultConfigurationName = Release;
		};
		BB9EA1CD2D6EB7E400D2E201 /* Build configuration list for PBXNativeTarget "Himnario Adventista" */ = {
			isa = XCConfigurationList;
			buildConfigurations = (
				BB9EA1CE2D6EB7E400D2E201 /* Debug */,
				BB9EA1CF2D6EB7E400D2E201 /* Release */,
			);
			defaultConfigurationIsVisible = 0;
			defaultConfigurationName = Release;
		};
		BB9EA1D02D6EB7E400D2E201 /* Build configuration list for PBXNativeTarget "Himnario Adventista SwiftUITests" */ = {
			isa = XCConfigurationList;
			buildConfigurations = (
				BB9EA1D12D6EB7E400D2E201 /* Debug */,
				BB9EA1D22D6EB7E400D2E201 /* Release */,
			);
			defaultConfigurationIsVisible = 0;
			defaultConfigurationName = Release;
		};
		BB9EA1D32D6EB7E400D2E201 /* Build configuration list for PBXNativeTarget "Himnario Adventista SwiftUIUITests" */ = {
			isa = XCConfigurationList;
			buildConfigurations = (
				BB9EA1D42D6EB7E400D2E201 /* Debug */,
				BB9EA1D52D6EB7E400D2E201 /* Release */,
			);
			defaultConfigurationIsVisible = 0;
			defaultConfigurationName = Release;
		};
/* End XCConfigurationList section */
	};
	rootObject = BB9EA1A12D6EB7DF00D2E201 /* Project object */;
}
